
Microsoft Visual Studio Solution File, Format Version 12.00
# Visual Studio Version 16
VisualStudioVersion = 16.0.31019.35
MinimumVisualStudioVersion = 10.0.40219.1
Project("{FAE04EC0-301F-11D3-BF4B-00C04F79EFBC}") = "CustomCollection", "CustomCollection\CustomCollection.csproj", "{4CDDCA53-6C23-46DE-BC2D-1DC5543FCC2A}"
EndProject
Global
	GlobalSection(SolutionConfigurationPlatforms) = preSolution
		Debug|Any CPU = Debug|Any CPU
		Release|Any CPU = Release|Any CPU
	EndGlobalSection
	GlobalSection(ProjectConfigurationPlatforms) = postSolution
		{4CDDCA53-6C23-46DE-BC2D-1DC5543FCC2A}.Debug|Any CPU.ActiveCfg = Debug|Any CPU
		{4CDDCA53-6C23-46DE-BC2D-1DC5543FCC2A}.Debug|Any CPU.Build.0 = Debug|Any CPU
		{4CDDCA53-6C23-46DE-BC2D-1DC5543FCC2A}.Release|Any CPU.ActiveCfg = Release|Any CPU
		{4CDDCA53-6C23-46DE-BC2D-1DC5543FCC2A}.Release|Any CPU.Build.0 = Release|Any CPU
	EndGlobalSection
	GlobalSection(SolutionProperties) = preSolution
		HideSolutionNode = FALSE
	EndGlobalSection
	GlobalSection(ExtensibilityGlobals) = postSolution
		SolutionGuid = {C114C4E3-1074-4C3E-8BBE-22011D04F37C}
	EndGlobalSection
EndGlobal
